
Microsoft Visual Studio Solution File, Format Version 12.00
# Visual Studio Version 17
VisualStudioVersion = 17.5.33530.505
MinimumVisualStudioVersion = 10.0.40219.1
Project("{FAE04EC0-301F-11D3-BF4B-00C04F79EFBC}") = "PlayAndConnect", "PlayAndConnect.csproj", "{14EEA845-4F2A-4081-A7B9-B51A9E552C94}"
EndProject
Global
	GlobalSection(SolutionConfigurationPlatforms) = preSolution
		Debug|Any CPU = Debug|Any CPU
		Release|Any CPU = Release|Any CPU
	EndGlobalSection
	GlobalSection(ProjectConfigurationPlatforms) = postSolution
		{14EEA845-4F2A-4081-A7B9-B51A9E552C94}.Debug|Any CPU.ActiveCfg = Debug|Any CPU
		{14EEA845-4F2A-4081-A7B9-B51A9E552C94}.Debug|Any CPU.Build.0 = Debug|Any CPU
		{14EEA845-4F2A-4081-A7B9-B51A9E552C94}.Release|Any CPU.ActiveCfg = Release|Any CPU
		{14EEA845-4F2A-4081-A7B9-B51A9E552C94}.Release|Any CPU.Build.0 = Release|Any CPU
	EndGlobalSection
	GlobalSection(SolutionProperties) = preSolution
		HideSolutionNode = FALSE
	EndGlobalSection
	GlobalSection(ExtensibilityGlobals) = postSolution
		SolutionGuid = {16529C95-4AC3-4DB5-9771-BAD3710FC798}
	EndGlobalSection
EndGlobal
