
Microsoft Visual Studio Solution File, Format Version 12.00
# Visual Studio Version 17
VisualStudioVersion = 17.4.33213.308
MinimumVisualStudioVersion = 10.0.40219.1
Project("{FAE04EC0-301F-11D3-BF4B-00C04F79EFBC}") = "PlayAndConnect", "PlayAndConnect.csproj", "{F54C470E-2D40-4C0D-AEF1-E40A2A1602F8}"
EndProject
Global
	GlobalSection(SolutionConfigurationPlatforms) = preSolution
		Debug|Any CPU = Debug|Any CPU
		Release|Any CPU = Release|Any CPU
	EndGlobalSection
	GlobalSection(ProjectConfigurationPlatforms) = postSolution
		{F54C470E-2D40-4C0D-AEF1-E40A2A1602F8}.Debug|Any CPU.ActiveCfg = Debug|Any CPU
		{F54C470E-2D40-4C0D-AEF1-E40A2A1602F8}.Debug|Any CPU.Build.0 = Debug|Any CPU
		{F54C470E-2D40-4C0D-AEF1-E40A2A1602F8}.Release|Any CPU.ActiveCfg = Release|Any CPU
		{F54C470E-2D40-4C0D-AEF1-E40A2A1602F8}.Release|Any CPU.Build.0 = Release|Any CPU
	EndGlobalSection
	GlobalSection(SolutionProperties) = preSolution
		HideSolutionNode = FALSE
	EndGlobalSection
	GlobalSection(ExtensibilityGlobals) = postSolution
		SolutionGuid = {79CC7B76-3D4F-4046-93FA-048952FCE7F3}
	EndGlobalSection
EndGlobal
